version = 1
revision = 3
requires-python = ">=3.11"

[options]
exclude-newer = "2026-09-24T05:24:46.71733779Z"

[[package]]
name = "fonttools"
version = "4.66.0"
source = { registry = "https://pypi.org/simple/" }
sdist = { url = "https://files.pythonhosted.org/packages/a2/24/86f9930b930b97fc82266083320f3c34643ef67261c32651e893db525aca/fonttools-4.66.0.tar.gz", hash = "sha256:ef0610dfe7bb5bf574d9bdad6f597403ebc9807d124ac6f148d7604b2609be98", size = 3692007, upload-time = "2026-09-23T17:59:14.345Z" }
wheels = [
    { url = "https://files.pythonhosted.org/packages/27/61/ea35d7faff1430f875d0b0b80ea043f5b17d4155e62704985af415df8f31/fonttools-4.66.0-cp311-cp311-macosx_10_9_universal2.whl", hash = "sha256:b432b6b54a0f3be118c6243312c826aa086aa9bcb150160be4f0bc8a21ea3aaa", size = 3088761, upload-time = "2026-09-23T17:56:49.236Z" },
    { url = "https://files.pythonhosted.org/packages/c2/cb/0b243306434748a071d12fb6757f6494534de7fbfe4e05d78ec1d5b1c1b0/fonttools-4.66.0-cp311-cp311-macosx_10_9_x86_64.whl", hash = "sha256:8009e736e1491c569392b2e9782c30dcb6ac879def102c8c2e06add8d2adc10f", size = 2586088, upload-time = "2026-09-23T17:56:51.916Z" },
    { url = "https://files.pythonhosted.org/packages/25/57/9499457eec5e40a1e9eb44fc81ab3451e4590ea767377e55ecfd9931c316/fonttools-4.66.0-cp311-cp311-manylinux2014_aarch64.manylinux_2_17_aarch64.manylinux_2_28_aarch64.whl", hash = "sha256:ba65eb3e2c46ad0922d84ef78e287c2f48b7a8cae4420728bf3b8e583282d6d7", size = 5483789, upload-time = "2026-09-23T17:56:53.945Z" },
    { url = "https://files.pythonhosted.org/packages/3a/d2/43fa30bb42476a587381c4a5df8d3f305ad787ef6e5f203800b891ff074a/fonttools-4.66.0-cp311-cp311-manylinux2014_x86_64.manylinux_2_17_x86_64.whl", hash = "sha256:3ea59aaec135c96c4cff20d79fdf1d10623993712a77990585a42cfd6a42bc5c", size = 5447057, upload-time = "2026-09-23T17:56:56.466Z" },
    { url = "https://files.pythonhosted.org/packages/3b/58/748a43b023707b1b409e8c773635064428c4383bd048206eff446db935bd/fonttools-4.66.0-cp311-cp311-musllinux_1_2_aarch64.whl", hash = "sha256:c3a66c749b69e9abd92e519ccbdea7210522b0fffdba3f6492a8fab461d4708a", size = 5449597, upload-time = "2026-09-23T17:56:58.802Z" },
    { url = "https://files.pythonhosted.org/packages/94/31/b881d8374e482b4fcb3874ba4317222dea099e880b6054f0bab76a45197e/fonttools-4.66.0-cp311-cp311-musllinux_1_2_x86_64.whl", hash = "sha256:fd3dcb69d65c05a2fffa5d9b743b77e0cdc13832665ba435065493dad2b57f83", size = 5587418, upload-time = "2026-09-23T17:57:01.707Z" },
    { url = "https://files.pythonhosted.org/packages/d4/a5/941a7e7033026a9942121bdd01a4d595c7b9b1ec76e7278c82d319184419/fonttools-4.66.0-cp311-cp311-win32.whl", hash = "sha256:4513753259f06316bdc2039c9bf3129e74923c1cfad0722b4728a9ce19beeeb2", size = 1577034, upload-time = "2026-09-23T17:57:04.03Z" },
    { url = "https://files.pythonhosted.org/packages/4d/26/440338213c9257d0deb72be98ddde8f4da900a07a694e157474c7621af2c/fonttools-4.66.0-cp311-cp311-win_amd64.whl", hash = "sha256:6371e7ed43cc9e23550fe4a1b72af3205275f28dcecac8c09b80a4582e326802", size = 1634644, upload-time = "2026-09-23T17:57:06.008Z" },
    { url = "https://files.pythonhosted.org/packages/e7/c1/25821e3bddd0644df229cfdc2e8b4101d28e4da15ffbe6e6b563ea6f3acd/fonttools-4.66.0-cp312-cp312-macosx_10_13_universal2.whl", hash = "sha256:67ea5af3ca60e1e5c9b2841b1f6dba5ef16aab581bf463abb68515447154ab61", size = 3096788, upload-time = "2026-09-23T17:57:08.302Z" },
    { url = "https://files.pythonhosted.org/packages/0c/3d/d16b4cb63710abd91f1aaa482f2848d8b0c402502de5b8a72ba9d2613cb0/fonttools-4.66.0-cp312-cp312-macosx_10_13_x86_64.whl", hash = "sha256:dbee639a23c4e067aedfbcf84d2e466a71a1a1156ad04d6d09023791ed167495", size = 2586926, upload-time = "2026-09-23T17:57:10.678Z" },
    { url = "https://files.pythonhosted.org/packages/e2/f0/dffa4fa83ec6780464e8484fa2f30ccc252d480137c8e4d3fc6ac510b3eb/fonttools-4.66.0-cp312-cp312-manylinux2014_aarch64.manylinux_2_17_aarch64.manylinux_2_28_aarch64.whl", hash = "sha256:35684b562df7154d7a0ebfa512db9199c7fb0a93b5abfb59dac9d022dbee7aaa", size = 5415821, upload-time = "2026-09-23T17:57:13.174Z" },
    { url = "https://files.pythonhosted.org/packages/6d/56/3c862bdd297a272a37e2ba1149da01446fd3f387ee80855699bb939bf5b2/fonttools-4.66.0-cp312-cp312-manylinux2014_x86_64.manylinux_2_17_x86_64.whl", hash = "sha256:aea0cc5609a5f2a2500f91bd6e1989fdd22da0f225be00dc1c4cec775838a7d0", size = 5396689, upload-time = "2026-09-23T17:57:15.987Z" },
    { url = "https://files.pythonhosted.org/packages/93/d7/f4b7c81a7a6b316b7226d11f8e8659f023babf1e0957f8e7ddcc4e155a82/fonttools-4.66.0-cp312-cp312-musllinux_1_2_aarch64.whl", hash = "sha256:8af85dfc2ad564f95b3e650024578bb2268bc4d827d418aab9650bbde4b6926a", size = 5353218, upload-time = "2026-09-23T17:57:18.803Z" },
    { url = "https://files.pythonhosted.org/packages/70/1e/f12bc535f3da359a4d29d5e7442ab2d7d67579d1516b9c7e1a38890168bd/fonttools-4.66.0-cp312-cp312-musllinux_1_2_x86_64.whl", hash = "sha256:2b278e2abe596872b3c9fe611f956ded85588537974e48e2adbe2d6ee159e099", size = 5516965, upload-time = "2026-09-23T17:57:21.077Z" },
    { url = "https://files.pythonhosted.org/packages/14/25/a1df66888c8b5f63c14e089400f2353da0c1ff9d09683cc0bf85afea348e/fonttools-4.66.0-cp312-cp312-win32.whl", hash = "sha256:ee7b9f6c835ea1a9beb5a35c8eb0c62b6a3290f8105d3d0c29a0a18c90f9b8ba", size = 2434425, upload-time = "2026-09-23T17:57:23.463Z" },
    { url = "https://files.pythonhosted.org/packages/b5/f2/fd490f1ddf2e430289c13059982771e6b02a2bf37504401d2a5c53307892/fonttools-4.66.0-cp312-cp312-win_amd64.whl", hash = "sha256:1d120ea0f5260b04e9b5ac0d9239efde4c23d990347d5d5889cdd37221726fec", size = 2486335, upload-time = "2026-09-23T17:57:25.561Z" },
    { url = "https://files.pythonhosted.org/packages/a0/c8/1cf0a4f54c8cf351a4d9f8fcad5201dc0c5fb8676efdb1ba7cc3136ca523/fonttools-4.66.0-cp313-cp313-macosx_10_13_universal2.whl", hash = "sha256:c144e68572af1dfcb05fe065827d0920d4118b265504928e1d2262e3701a25a1", size = 3094615, upload-time = "2026-09-23T17:57:27.942Z" },
    { url = "https://files.pythonhosted.org/packages/c5/ed/89baf1795841eaad6fcf0ee6f319c236f4379dd98653b4bff294b83d4172/fonttools-4.66.0-cp313-cp313-macosx_10_13_x86_64.whl", hash = "sha256:ada87643b20a8fa5763e6dd4fa0f5e2901cbdbe0833deb6d5c5a9c3186782b94", size = 2586645, upload-time = "2026-09-23T17:57:30.248Z" },
    { url = "https://files.pythonhosted.org/packages/56/f9/982609322f92532bdd769a225c9b3e2bbac0a077c37f7780710db9a8e018/fonttools-4.66.0-cp313-cp313-manylinux2014_aarch64.manylinux_2_17_aarch64.manylinux_2_28_aarch64.whl", hash = "sha256:700c448f190cc7bbd9f059bd96131f4770e90938c9692550b142153bea73b14c", size = 5389194, upload-time = "2026-09-23T17:57:33.07Z" },
    { url = "https://files.pythonhosted.org/packages/7d/22/12177031dd8be493d5afda574323da19f6ea5488c85202f3a5708c94757c/fonttools-4.66.0-cp313-cp313-manylinux2014_x86_64.manylinux_2_17_x86_64.whl", hash = "sha256:c519433e8632284dbe64ee4c81b609a17e205bc1afff285553723964880d1c89", size = 5371422, upload-time = "2026-09-23T17:57:35.915Z" },
    { url = "https://files.pythonhosted.org/packages/19/e1/e8ed0950eb846f4a404ff84aea89e4c93393c2475cdfdf1c03a1b3f4e2ef/fonttools-4.66.0-cp313-cp313-musllinux_1_2_aarch64.whl", hash = "sha256:8739d77810aeb6d2ecd55cc2e4864d98a00c317fb6131a6d22ca58b3f50cf22a", size = 5332183, upload-time = "2026-09-23T17:57:39.041Z" },
    { url = "https://files.pythonhosted.org/packages/3e/fb/c0310cf9838859d74130530ef351a903735c6ecf47418d7d0dc4cf459a9b/fonttools-4.66.0-cp313-cp313-musllinux_1_2_x86_64.whl", hash = "sha256:cffa168522a0e057d3a5628c8ebd43ddf66a34613f42e116bffb85b0b32ce5a0", size = 5490019, upload-time = "2026-09-23T17:57:41.945Z" },
    { url = "https://files.pythonhosted.org/packages/a9/7b/928f334aea18c77f6892895bb1e28388c9e2466e04bc924f93043024c780/fonttools-4.66.0-cp313-cp313-win32.whl", hash = "sha256:379b94fe10651d26caf398eb646b3ecde886a9c504d3cce5e46164d58a78e32d", size = 2432785, upload-time = "2026-09-23T17:57:44.484Z" },
    { url = "https://files.pythonhosted.org/packages/fa/5b/576072a97256f06fe6d0112c522c118fe72390482baf52ad9bfa3b0d1db6/fonttools-4.66.0-cp313-cp313-win_amd64.whl", hash = "sha256:ee4f85d1341af630d787514eef1a0e1ad883f9d6c11a4c1465faeb9cd0bb5ced", size = 2484475, upload-time = "2026-09-23T17:57:46.625Z" },
    { url = "https://files.pythonhosted.org/packages/38/e6/2ea45d294ce967a8f76b5dec041abdd71c7abb652c9a81b24592edc00579/fonttools-4.66.0-cp314-cp314-macosx_10_15_universal2.whl", hash = "sha256:ce818581070527883e3678b92b1ac7ed3569e48c80f51b89b264f97d84be2608", size = 3098619, upload-time = "2026-09-23T17:57:48.843Z" },
    { url = "https://files.pythonhosted.org/packages/1a/d5/225d95df6b88df277d86c3d86fdaa73833cd628dc2918fcf7b73133d6f67/fonttools-4.66.0-cp314-cp314-macosx_10_15_x86_64.whl", hash = "sha256:cf0033f343cb1592fb24ae3eaf8b58156f208884ac16991094293ee94c585654", size = 2588128, upload-time = "2026-09-23T17:57:52.041Z" },
    { url = "https://files.pythonhosted.org/packages/15/e6/5892522733dc50b0577693bb164032b47d3504f33ee44d92a1a740d2e89b/fonttools-4.66.0-cp314-cp314-manylinux2014_aarch64.manylinux_2_17_aarch64.manylinux_2_28_aarch64.whl", hash = "sha256:3889fdbe63e85dbf2a0d9d7c9d90746827ce60af2cdd24f0bb4738380a9540eb", size = 5373639, upload-time = "2026-09-23T17:57:54.555Z" },
    { url = "https://files.pythonhosted.org/packages/9a/72/72ec66154babfd53a1c705a9f973c49d12fa81084aa72d939e062242ada1/fonttools-4.66.0-cp314-cp314-manylinux2014_x86_64.manylinux_2_17_x86_64.whl", hash = "sha256:850d50b347f31667d3a277a6e66a4219236db9d98afadb2993b8addf9bd4f593", size = 5317190, upload-time = "2026-09-23T17:57:57.31Z" },
    { url = "https://files.pythonhosted.org/packages/cd/c6/a8ca0334c73d1fa4fae1d423ff92e0b0be0885ed98e866e3478a00ad1a47/fonttools-4.66.0-cp314-cp314-musllinux_1_2_aarch64.whl", hash = "sha256:221defad3b1949c1fdde2558d1fe780d42f926b683a71a46a4495a0e6a6614bd", size = 5315603, upload-time = "2026-09-23T17:57:59.842Z" },
    { url = "https://files.pythonhosted.org/packages/d2/34/d3d4cd925d1a934e841d39a0540539b21e952c40dfac27874bac1392f3d2/fonttools-4.66.0-cp314-cp314-musllinux_1_2_x86_64.whl", hash = "sha256:b02686b2e47115b2378ab6156abd984c776c6faa4f56898fbcc1c30ee387937d", size = 5448784, upload-time = "2026-09-23T17:58:02.669Z" },
    { url = "https://files.pythonhosted.org/packages/61/b9/269bebce24f590d28f2e59fd8808f3282b5f5511a4a95c5f6413f0507993/fonttools-4.66.0-cp314-cp314-win32.whl", hash = "sha256:b46500e4d6f5708a9127ea12902ba54cb0ec594fc6bec649afc53154a1125b2b", size = 2437006, upload-time = "2026-09-23T17:58:05.39Z" },
    { url = "https://files.pythonhosted.org/packages/ca/bd/9c10c9a62a274451f10295c17a01286c7777f44da87cd9f77d08c5a21d4e/fonttools-4.66.0-cp314-cp314-win_amd64.whl", hash = "sha256:0cf33d1041364ebb7a9958db757e213c6d2a238eb41755fbf935db028c2db20f", size = 2489086, upload-time = "2026-09-23T17:58:07.516Z" },
    { url = "https://files.pythonhosted.org/packages/1f/45/c9bc900dca5ed7760c1692a6b1161c380515071da9d855eddedd4bb21fb5/fonttools-4.66.0-cp314-cp314t-macosx_10_15_universal2.whl", hash = "sha256:d2d10f89c4bf7cd42b84695da617f9130fa594647ee74673bf8c8d001fa04ef9", size = 3172290, upload-time = "2026-09-23T17:58:09.975Z" },
    { url = "https://files.pythonhosted.org/packages/bb/82/1017a312eeb373f30d99d032d04bf55a8ea80858f1670b2e12ed90732574/fonttools-4.66.0-cp314-cp314t-macosx_10_15_x86_64.whl", hash = "sha256:135ce8738a6341fbefeedc061e20c2889350e84405abea7e61b1c9d87e1a1f2f", size = 2621293, upload-time = "2026-09-23T17:58:12.309Z" },
    { url = "https://files.pythonhosted.org/packages/af/c3/b54678b08a6637d5a222b68e1f133c58096c664403b9ead1cce4eab53fd1/fonttools-4.66.0-cp314-cp314t-manylinux2014_aarch64.manylinux_2_17_aarch64.manylinux_2_28_aarch64.whl", hash = "sha256:107aae7c38f05561fef5103baa98a44400b5f4c69d87839c9a5f8125405e7d9a", size = 5546296, upload-time = "2026-09-23T17:58:15.041Z" },
    { url = "https://files.pythonhosted.org/packages/98/2c/42e1c39e4025323bf65e042ea7ed709912aebfa22d422a2937da12268331/fonttools-4.66.0-cp314-cp314t-manylinux2014_x86_64.manylinux_2_17_x86_64.whl", hash = "sha256:e4677025ee40b3b1420387ca85f55545b8095f7596c3d5d59552dbee19c91f07", size = 5352908, upload-time = "2026-09-23T17:58:17.77Z" },
    { url = "https://files.pythonhosted.org/packages/f1/66/07a6b9e634d7e0edb3e8f23ebb483479599842093624f13bde44e3c7a4bc/fonttools-4.66.0-cp314-cp314t-musllinux_1_2_aarch64.whl", hash = "sha256:03922992966a1830b94a750961d1ccfe1a7375d792ca61077a5afb719811788a", size = 5413677, upload-time = "2026-09-23T17:58:20.511Z" },
    { url = "https://files.pythonhosted.org/packages/a4/c6/d649d4d09ebbfdb0eb13cdeea731bf9685d184fef716e0c18f7779eb44fb/fonttools-4.66.0-cp314-cp314t-musllinux_1_2_x86_64.whl", hash = "sha256:5dda4087a7f8f0b985995489b3c0115bd117f18c0fc236013a0e78e837bb9ac2", size = 5449024, upload-time = "2026-09-23T17:58:23.302Z" },
    { url = "https://files.pythonhosted.org/packages/04/4c/60c6c9a2bc4cc0ae1012df9084bfe4ba69a1a60df06f30830787a4e6c061/fonttools-4.66.0-cp314-cp314t-win32.whl", hash = "sha256:85e2960a29e6882567b981ba408b5a5ca2d8865b8f67240e1b420348997a13be", size = 2470760, upload-time = "2026-09-23T17:58:25.739Z" },
    { url = "https://files.pythonhosted.org/packages/d1/5e/fd8593bbe3da06d2cbf9c096e17becbb48ace6e7a33e0e5e21f82a55c32c/fonttools-4.66.0-cp314-cp314t-win_amd64.whl", hash = "sha256:8ea6265535b25f8254868f5a212a1c9dbd88c2c4050f3df18d9174949df0d6d9", size = 2520614, upload-time = "2026-09-23T17:58:28.078Z" },
    { url = "https://files.pythonhosted.org/packages/a0/23/f9f265526c6a4096bbe67f45d6ed853519d49ad7e07667bd0c8edb33f7fd/fonttools-4.66.0-cp315-cp315-macosx_10_15_universal2.whl", hash = "sha256:9b0198962bbba64a88bf15dc5d95e4bab8c5208dede22a10fb06280406ed9874", size = 3092996, upload-time = "2026-09-23T17:58:30.828Z" },
    { url = "https://files.pythonhosted.org/packages/a9/25/44d594d7fd703b2c4914b0df728012b8f2e69578de2d9238742c1754243a/fonttools-4.66.0-cp315-cp315-macosx_10_15_x86_64.whl", hash = "sha256:15315302c620e6ce8582934e07932dcf442fc3f59ab208d30564200b9a2f7ea4", size = 2586696, upload-time = "2026-09-23T17:58:33.159Z" },
    { url = "https://files.pythonhosted.org/packages/b5/73/b33888692f06471222a66a79bd7f3e7b9aa9e3d87be6adb794a2ba3dc467/fonttools-4.66.0-cp315-cp315-manylinux2014_aarch64.manylinux_2_17_aarch64.manylinux_2_28_aarch64.whl", hash = "sha256:056641fcedeaad24b92e343e35e9fd1337200c102450678894b17928482d010d", size = 5370868, upload-time = "2026-09-23T17:58:35.93Z" },
    { url = "https://files.pythonhosted.org/packages/34/22/b7fa275e29642ab706bdffc5d02564bf6ade4168bd4c8b98b6ac2a78a653/fonttools-4.66.0-cp315-cp315-manylinux2014_x86_64.manylinux_2_17_x86_64.whl", hash = "sha256:fa995d96ced196388d8ed7a67ee001b181459d230e24bb68b193ae859f5609da", size = 5334214, upload-time = "2026-09-23T17:58:38.966Z" },
    { url = "https://files.pythonhosted.org/packages/b2/69/417f550986631f9b443666b6152c9396830c0bb7a241b2aa235d1faa2500/fonttools-4.66.0-cp315-cp315-musllinux_1_2_aarch64.whl", hash = "sha256:f014bbf05f30731bf8b9f5c7d2b4c0e4f28f375926f95b187f85e0bbceb16029", size = 5311067, upload-time = "2026-09-23T17:58:41.686Z" },
    { url = "https://files.pythonhosted.org/packages/8f/f5/80b8b3b55306975a69995b188d640664b53891509a47e6e19e5496adc529/fonttools-4.66.0-cp315-cp315-musllinux_1_2_x86_64.whl", hash = "sha256:886f3029ea10362c592d2e1a5326a44645b85a2a0be6fdb7c9edbdb60cedb0ab", size = 5458838, upload-time = "2026-09-23T17:58:44.145Z" },
    { url = "https://files.pythonhosted.org/packages/f4/1a/7f5e8b4e0e876a94424faf039e99e09833c3ffb105978e3617a6cba58e92/fonttools-4.66.0-cp315-cp315-win32.whl", hash = "sha256:0640e69b00e089d6b82e0a54e3a03af84b775f1f0b2cbecc1b0d7fe3980a194a", size = 2435840, upload-time = "2026-09-23T17:58:46.482Z" },
    { url = "https://files.pythonhosted.org/packages/e0/8a/91ecd6ed7140e0589538298f941934eaccaf7ab067a60585de3a60ddcc32/fonttools-4.66.0-cp315-cp315-win_amd64.whl", hash = "sha256:a5a0624aaefb0a29e4ed7500a98732a1b0ec2d3040fe86cc8837f82e3fe4f446", size = 2488078, upload-time = "2026-09-23T17:58:49.027Z" },
    { url = "https://files.pythonhosted.org/packages/a5/16/3a82202c98d55aeb53dd1fe5cd295c53b1057a45e6be943a347dba5bc92b/fonttools-4.66.0-cp315-cp315t-macosx_10_15_universal2.whl", hash = "sha256:4bdaf80590fcccb1b9d8e3b8ca72225defb14d03b79788f59781ce1bb66049b9", size = 3163820, upload-time = "2026-09-23T17:58:51.661Z" },
    { url = "https://files.pythonhosted.org/packages/74/06/597c587ec929f18622d0f6ad4aac15a698e5d4e42d291cf051e63fe0d1b0/fonttools-4.66.0-cp315-cp315t-macosx_10_15_x86_64.whl", hash = "sha256:398bfc5ce9055e0b91a6189f8cf462d4230b38f522b2ceaecb4f34cbf4fb5480", size = 2617537, upload-time = "2026-09-23T17:58:54.421Z" },
    { url = "https://files.pythonhosted.org/packages/cc/08/6477bf19e923deb834c4c5866c66f47a679cc0a31028e2240ea58f9c1244/fonttools-4.66.0-cp315-cp315t-manylinux2014_aarch64.manylinux_2_17_aarch64.manylinux_2_28_aarch64.whl", hash = "sha256:fd9297a5f670f3e59ae697289ddad5902d3c4a86188e83e7823bde06334a560c", size = 5524223, upload-time = "2026-09-23T17:58:57.078Z" },
    { url = "https://files.pythonhosted.org/packages/69/2a/3e893827e4d6f8858784f71f0484046626a43e21492d3683b7ea5c7262bb/fonttools-4.66.0-cp315-cp315t-manylinux2014_x86_64.manylinux_2_17_x86_64.whl", hash = "sha256:f2032ac005e14c56e774fd19f2bc1c22c796c0c3b39d91741c0e3f9575944d38", size = 5345920, upload-time = "2026-09-23T17:58:59.848Z" },
    { url = "https://files.pythonhosted.org/packages/22/7a/574cfd9f567231006152694a8904e1cfa2e7ddd2b7476e8e9d1b079278b4/fonttools-4.66.0-cp315-cp315t-musllinux_1_2_aarch64.whl", hash = "sha256:02117d05dddb51e39b5c5a6eed0702ed8e0e1c341cb138101b2446eb479858f8", size = 5392188, upload-time = "2026-09-23T17:59:02.461Z" },
    { url = "https://files.pythonhosted.org/packages/17/15/656c907ef5063eeb9a0f6e36a253c14ffe5d5605009d6c86140234cb0968/fonttools-4.66.0-cp315-cp315t-musllinux_1_2_x86_64.whl", hash = "sha256:6b11180c4166a4fc353bb02b147322b7c454927bba4f5040ccdef109a73f9051", size = 5438594, upload-time = "2026-09-23T17:59:04.967Z" },
    { url = "https://files.pythonhosted.org/packages/5d/82/5df8cfb6c16035a9f0baef4c7b37ae1691e5d9280195459f1eb6f0633014/fonttools-4.66.0-cp315-cp315t-win32.whl", hash = "sha256:6627f48130cdbe04c7e1189bff4192886ecda757f575626ee8468f6580eaecf3", size = 2467910, upload-time = "2026-09-23T17:59:07.332Z" },
    { url = "https://files.pythonhosted.org/packages/fd/cd/3359c485efaed245663bf6f840e1bb45fffa1230b1e9af1880d7d9003e56/fonttools-4.66.0-cp315-cp315t-win_amd64.whl", hash = "sha256:a9a45a23b020e667499fb2dbce0f1373b1b1b8cf88e47f3031e69ef3ea21f3ee", size = 2516298, upload-time = "2026-09-23T17:59:09.934Z" },
    { url = "https://files.pythonhosted.org/packages/83/65/826290863c9df6041f2e36a5ae5d604cd8247fffc8ec7b45581fd2473e4d/fonttools-4.66.0-py3-none-any.whl", hash = "sha256:bc7b7ddc1a1f46c363354304e9a8dd93722e4a6a24f785015650898dacf40df9", size = 1201583, upload-time = "2026-09-23T17:59:12.104Z" },
]

[[package]]
name = "mise-pypi-tool-environment"
version = "0.0.0"
source = { virtual = "." }
dependencies = [
    { name = "fonttools" },
]

[package.metadata]
requires-dist = [{ name = "fonttools", specifier = "==4.66.0" }]
