version = 1
revision = 3
requires-python = ">=3.10"

[options]
exclude-newer = "2026-09-24T05:24:46.71733779Z"

[[package]]
name = "mise-pypi-tool-environment"
version = "0.0.0"
source = { virtual = "." }
dependencies = [
    { name = "toml-sort" },
]

[package.metadata]
requires-dist = [{ name = "toml-sort", specifier = "==0.25.0" }]

[[package]]
name = "toml-sort"
version = "0.25.0"
source = { registry = "https://pypi.org/simple/" }
dependencies = [
    { name = "tomlrt" },
]
sdist = { url = "https://files.pythonhosted.org/packages/1f/f4/7221164c2984af53c18dd9f1d267ca7da660b40bc6b9a436b67ae17fc3ff/toml_sort-0.25.0.tar.gz", hash = "sha256:08ffe893feba7dc1773c61046b76f63561a6204e0162cd067c4a0d681d9198c7", size = 13197, upload-time = "2026-09-12T21:58:05.097Z" }
wheels = [
    { url = "https://files.pythonhosted.org/packages/dd/b8/dc28651955aa2fdb24ef6f7ac7bcc6784f60d31630a0af1bd6d3626e4db8/toml_sort-0.25.0-py3-none-any.whl", hash = "sha256:96de33d49795a730297a1a5cba75ad9f251a7b07e75002f8a2fcc127fa7d43bd", size = 12561, upload-time = "2026-09-12T21:58:05.916Z" },
]

[[package]]
name = "tomlrt"
version = "2.2.13"
source = { registry = "https://pypi.org/simple/" }
dependencies = [
    { name = "typing-extensions", marker = "python_full_version < '3.12'" },
]
sdist = { url = "https://files.pythonhosted.org/packages/b6/f1/806011897b459ed816d184e9fd1c6e5bf9705f70a29e2957731ecccb71a2/tomlrt-2.2.13.tar.gz", hash = "sha256:b60ab600646e3f4e72fb05d6d03cf1595625aa182da14685b9f60e8fbc7c1694", size = 470641, upload-time = "2026-09-20T20:22:11.106Z" }
wheels = [
    { url = "https://files.pythonhosted.org/packages/a1/88/363ff0b1d082d9dd543fe7173c83bbddf7429b5832abff24ee2b8c4b62db/tomlrt-2.2.13-py3-none-any.whl", hash = "sha256:b4c7b64408e0788893f41b692d21a086f6173eadd69d518a98686d3ce6e1a85a", size = 153152, upload-time = "2026-09-20T20:22:09.425Z" },
]

[[package]]
name = "typing-extensions"
version = "4.16.0"
source = { registry = "https://pypi.org/simple/" }
sdist = { url = "https://files.pythonhosted.org/packages/f6/cc/6253133b5bb138fc3306cebfbda2c520f545d36b5be2c7255cc528bb45d6/typing_extensions-4.16.0.tar.gz", hash = "sha256:dc983d19a509c94dba722ee6abd33940f7c05a89e243c47e907eb4db6f1a43e5", size = 113555, upload-time = "2026-07-02T08:40:05.92Z" }
wheels = [
    { url = "https://files.pythonhosted.org/packages/49/d3/b8441a820a491ddfc024b0b0cf0393375b75ea13866d9c66727e54c2fc80/typing_extensions-4.16.0-py3-none-any.whl", hash = "sha256:481caa481374e813c1b176ada14e97f1f67a4539ce9cfeb3f350d78d6370c2e8", size = 45571, upload-time = "2026-07-02T08:40:04.659Z" },
]
